{
  "name": "test-hugginface",
  "version": "1.0.0",
  "lockfileVersion": 3,
  "requires": true,
  "packages": {
    "": {
      "name": "test-hugginface",
      "version": "1.0.0",
      "license": "ISC",
      "dependencies": {
        "@huggingface/inference": "^2.8.0",
        "dotenv": "^16.4.5"
      }
    },
    "node_modules/@huggingface/inference": {
      "version": "2.8.0",
      "resolved": "https://registry.npmjs.org/@huggingface/inference/-/inference-2.8.0.tgz",
      "integrity": "sha512-Ti681P1qckcCAqgzmL53jBnluPuZGelmMIuXNjgAwC5+RIjF4S0SDQu6oy44ZTwekwNp2ETaZ2sXsOk+45aC4w==",
      "license": "MIT",
      "dependencies": {
        "@huggingface/tasks": "^0.11.2"
      },
      "engines": {
        "node": ">=18"
      }
    },
    "node_modules/@huggingface/tasks": {
      "version": "0.11.10",
      "resolved": "https://registry.npmjs.org/@huggingface/tasks/-/tasks-0.11.10.tgz",
      "integrity": "sha512-Dbc5xMTjFyo+6SkDnQ7conDXYY7Pd6GA5DVUxqEmLoIMqNNHsC0VkidDdMooSCmBUb456VuZhwrCaPhqyg7stA==",
      "license": "MIT"
    },
    "node_modules/dotenv": {
      "version": "16.4.5",
      "resolved": "https://registry.npmjs.org/dotenv/-/dotenv-16.4.5.tgz",
      "integrity": "sha512-ZmdL2rui+eB2YwhsWzjInR8LldtZHGDoQ1ugH85ppHKwpUHL7j7rN0Ti9NCnGiQbhaZ11FpR+7ao1dNsmduNUg==",
      "license": "BSD-2-Clause",
      "engines": {
        "node": ">=12"
      },
      "funding": {
        "url": "https://dotenvx.com"
      }
    }
  }
}
